
Microsoft Visual Studio Solution File, Format Version 12.00
# Visual Studio Version 17
VisualStudioVersion = 17.1.32228.430
MinimumVisualStudioVersion = 10.0.40219.1
Project("{2150E333-8FDC-42A3-9474-1A3956D46DE8}") = "Presentation", "Presentation", "{BA4C44CC-65BC-4CE0-9B44-68BA231FAC73}"
EndProject
Project("{2150E333-8FDC-42A3-9474-1A3956D46DE8}") = "Services", "Services", "{A5DF9A6E-87DC-49E9-A437-04C399572BD4}"
EndProject
Project("{2150E333-8FDC-42A3-9474-1A3956D46DE8}") = "Application", "Application", "{FD1B5301-2A07-47B3-8773-839429800B2F}"
EndProject
Project("{2150E333-8FDC-42A3-9474-1A3956D46DE8}") = "Domain", "Domain", "{0C6FAB88-2741-4295-B6B6-F397DBA958F0}"
EndProject
Project("{2150E333-8FDC-42A3-9474-1A3956D46DE8}") = "Infra", "Infra", "{BAC12BD1-13B1-416E-A4B8-D889C6FFACCC}"
EndProject
Project("{2150E333-8FDC-42A3-9474-1A3956D46DE8}") = "Data", "Data", "{0CA11832-7E0F-4038-9DB6-FF1E6D14D0DF}"
EndProject
Project("{2150E333-8FDC-42A3-9474-1A3956D46DE8}") = "CrossCutting", "CrossCutting", "{DF6C4BDE-F3C5-4E53-A5D5-9D27B2D3E38F}"
EndProject
Project("{9A19103F-16F7-4668-BE54-9A1E7A4F7556}") = "STech.Domain", "src\STech.Domain\STech.Domain.csproj", "{BF28C988-9C1B-41F5-BD58-D2FCAD7E80BA}"
EndProject
Project("{9A19103F-16F7-4668-BE54-9A1E7A4F7556}") = "STech.Domain.Core", "src\STech.Domain.Core\STech.Domain.Core.csproj", "{9CC884B7-FA70-49E1-92A6-2B566E00FAB9}"
EndProject
Project("{9A19103F-16F7-4668-BE54-9A1E7A4F7556}") = "STech.Infra.Data", "src\STech.Infra.Data\STech.Infra.Data.csproj", "{F0DDF87D-98A4-4237-91C9-FD865ED78ABB}"
EndProject
Project("{9A19103F-16F7-4668-BE54-9A1E7A4F7556}") = "STech.Infra.CrossCutting.Bus", "src\STech.Infra.CrossCutting.Bus\STech.Infra.CrossCutting.Bus.csproj", "{91F0D76D-2BEA-43D2-B123-DC29F2E87792}"
EndProject
Project("{9A19103F-16F7-4668-BE54-9A1E7A4F7556}") = "STech.Infra.CrossCutting.Identity", "src\STech.Infra.CrossCutting.Identity\STech.Infra.CrossCutting.Identity.csproj", "{788030D0-561B-4136-96B4-D5ABFB5CFD07}"
EndProject
Project("{9A19103F-16F7-4668-BE54-9A1E7A4F7556}") = "STech.Infra.CrossCutting.IoC", "src\STech.Infra.CrossCutting.IoC\STech.Infra.CrossCutting.IoC.csproj", "{B3000AD2-5EAA-49A2-8FC4-10DF329B15B0}"
EndProject
Project("{9A19103F-16F7-4668-BE54-9A1E7A4F7556}") = "STech.Services.Api", "src\STech.Services.Api\STech.Services.Api.csproj", "{694C1139-5D54-48F1-9526-ABB9199E1846}"
EndProject
Project("{9A19103F-16F7-4668-BE54-9A1E7A4F7556}") = "STech.Application", "src\STech.Application\STech.Application.csproj", "{442EBE64-52CB-4189-BAA9-E7660ACBDE96}"
EndProject
Project("{9A19103F-16F7-4668-BE54-9A1E7A4F7556}") = "STech.UI.Web", "src\STech.UI.Web\STech.UI.Web.csproj", "{5255C696-0F02-4385-92C7-9FC403DA6B7C}"
EndProject
Project("{2150E333-8FDC-42A3-9474-1A3956D46DE8}") = "Tests", "Tests", "{EE52A667-F9CA-498B-ADDE-A8817CE43CA5}"
EndProject
Project("{9A19103F-16F7-4668-BE54-9A1E7A4F7556}") = "STech.Tests.UnitTest", "src\STech.Tests.UnitTest\STech.Tests.UnitTest.csproj", "{7D01BAF4-6EE9-4DD3-88AD-EA0BD8A4ABCD}"
EndProject
Global
	GlobalSection(SolutionConfigurationPlatforms) = preSolution
		Debug|Any CPU = Debug|Any CPU
		Release|Any CPU = Release|Any CPU
	EndGlobalSection
	GlobalSection(ProjectConfigurationPlatforms) = postSolution
		{BF28C988-9C1B-41F5-BD58-D2FCAD7E80BA}.Debug|Any CPU.ActiveCfg = Debug|Any CPU
		{BF28C988-9C1B-41F5-BD58-D2FCAD7E80BA}.Debug|Any CPU.Build.0 = Debug|Any CPU
		{BF28C988-9C1B-41F5-BD58-D2FCAD7E80BA}.Release|Any CPU.ActiveCfg = Release|Any CPU
		{BF28C988-9C1B-41F5-BD58-D2FCAD7E80BA}.Release|Any CPU.Build.0 = Release|Any CPU
		{9CC884B7-FA70-49E1-92A6-2B566E00FAB9}.Debug|Any CPU.ActiveCfg = Debug|Any CPU
		{9CC884B7-FA70-49E1-92A6-2B566E00FAB9}.Debug|Any CPU.Build.0 = Debug|Any CPU
		{9CC884B7-FA70-49E1-92A6-2B566E00FAB9}.Release|Any CPU.ActiveCfg = Release|Any CPU
		{9CC884B7-FA70-49E1-92A6-2B566E00FAB9}.Release|Any CPU.Build.0 = Release|Any CPU
		{F0DDF87D-98A4-4237-91C9-FD865ED78ABB}.Debug|Any CPU.ActiveCfg = Debug|Any CPU
		{F0DDF87D-98A4-4237-91C9-FD865ED78ABB}.Debug|Any CPU.Build.0 = Debug|Any CPU
		{F0DDF87D-98A4-4237-91C9-FD865ED78ABB}.Release|Any CPU.ActiveCfg = Release|Any CPU
		{F0DDF87D-98A4-4237-91C9-FD865ED78ABB}.Release|Any CPU.Build.0 = Release|Any CPU
		{91F0D76D-2BEA-43D2-B123-DC29F2E87792}.Debug|Any CPU.ActiveCfg = Debug|Any CPU
		{91F0D76D-2BEA-43D2-B123-DC29F2E87792}.Debug|Any CPU.Build.0 = Debug|Any CPU
		{91F0D76D-2BEA-43D2-B123-DC29F2E87792}.Release|Any CPU.ActiveCfg = Release|Any CPU
		{91F0D76D-2BEA-43D2-B123-DC29F2E87792}.Release|Any CPU.Build.0 = Release|Any CPU
		{788030D0-561B-4136-96B4-D5ABFB5CFD07}.Debug|Any CPU.ActiveCfg = Debug|Any CPU
		{788030D0-561B-4136-96B4-D5ABFB5CFD07}.Debug|Any CPU.Build.0 = Debug|Any CPU
		{788030D0-561B-4136-96B4-D5ABFB5CFD07}.Release|Any CPU.ActiveCfg = Release|Any CPU
		{788030D0-561B-4136-96B4-D5ABFB5CFD07}.Release|Any CPU.Build.0 = Release|Any CPU
		{B3000AD2-5EAA-49A2-8FC4-10DF329B15B0}.Debug|Any CPU.ActiveCfg = Debug|Any CPU
		{B3000AD2-5EAA-49A2-8FC4-10DF329B15B0}.Debug|Any CPU.Build.0 = Debug|Any CPU
		{B3000AD2-5EAA-49A2-8FC4-10DF329B15B0}.Release|Any CPU.ActiveCfg = Release|Any CPU
		{B3000AD2-5EAA-49A2-8FC4-10DF329B15B0}.Release|Any CPU.Build.0 = Release|Any CPU
		{694C1139-5D54-48F1-9526-ABB9199E1846}.Debug|Any CPU.ActiveCfg = Debug|Any CPU
		{694C1139-5D54-48F1-9526-ABB9199E1846}.Debug|Any CPU.Build.0 = Debug|Any CPU
		{694C1139-5D54-48F1-9526-ABB9199E1846}.Release|Any CPU.ActiveCfg = Release|Any CPU
		{694C1139-5D54-48F1-9526-ABB9199E1846}.Release|Any CPU.Build.0 = Release|Any CPU
		{442EBE64-52CB-4189-BAA9-E7660ACBDE96}.Debug|Any CPU.ActiveCfg = Debug|Any CPU
		{442EBE64-52CB-4189-BAA9-E7660ACBDE96}.Debug|Any CPU.Build.0 = Debug|Any CPU
		{442EBE64-52CB-4189-BAA9-E7660ACBDE96}.Release|Any CPU.ActiveCfg = Release|Any CPU
		{442EBE64-52CB-4189-BAA9-E7660ACBDE96}.Release|Any CPU.Build.0 = Release|Any CPU
		{5255C696-0F02-4385-92C7-9FC403DA6B7C}.Debug|Any CPU.ActiveCfg = Debug|Any CPU
		{5255C696-0F02-4385-92C7-9FC403DA6B7C}.Debug|Any CPU.Build.0 = Debug|Any CPU
		{5255C696-0F02-4385-92C7-9FC403DA6B7C}.Release|Any CPU.ActiveCfg = Release|Any CPU
		{5255C696-0F02-4385-92C7-9FC403DA6B7C}.Release|Any CPU.Build.0 = Release|Any CPU
		{7D01BAF4-6EE9-4DD3-88AD-EA0BD8A4ABCD}.Debug|Any CPU.ActiveCfg = Debug|Any CPU
		{7D01BAF4-6EE9-4DD3-88AD-EA0BD8A4ABCD}.Debug|Any CPU.Build.0 = Debug|Any CPU
		{7D01BAF4-6EE9-4DD3-88AD-EA0BD8A4ABCD}.Release|Any CPU.ActiveCfg = Release|Any CPU
		{7D01BAF4-6EE9-4DD3-88AD-EA0BD8A4ABCD}.Release|Any CPU.Build.0 = Release|Any CPU
	EndGlobalSection
	GlobalSection(SolutionProperties) = preSolution
		HideSolutionNode = FALSE
	EndGlobalSection
	GlobalSection(NestedProjects) = preSolution
		{0CA11832-7E0F-4038-9DB6-FF1E6D14D0DF} = {BAC12BD1-13B1-416E-A4B8-D889C6FFACCC}
		{DF6C4BDE-F3C5-4E53-A5D5-9D27B2D3E38F} = {BAC12BD1-13B1-416E-A4B8-D889C6FFACCC}
		{BF28C988-9C1B-41F5-BD58-D2FCAD7E80BA} = {0C6FAB88-2741-4295-B6B6-F397DBA958F0}
		{9CC884B7-FA70-49E1-92A6-2B566E00FAB9} = {0C6FAB88-2741-4295-B6B6-F397DBA958F0}
		{F0DDF87D-98A4-4237-91C9-FD865ED78ABB} = {0CA11832-7E0F-4038-9DB6-FF1E6D14D0DF}
		{91F0D76D-2BEA-43D2-B123-DC29F2E87792} = {DF6C4BDE-F3C5-4E53-A5D5-9D27B2D3E38F}
		{788030D0-561B-4136-96B4-D5ABFB5CFD07} = {DF6C4BDE-F3C5-4E53-A5D5-9D27B2D3E38F}
		{B3000AD2-5EAA-49A2-8FC4-10DF329B15B0} = {DF6C4BDE-F3C5-4E53-A5D5-9D27B2D3E38F}
		{694C1139-5D54-48F1-9526-ABB9199E1846} = {A5DF9A6E-87DC-49E9-A437-04C399572BD4}
		{442EBE64-52CB-4189-BAA9-E7660ACBDE96} = {FD1B5301-2A07-47B3-8773-839429800B2F}
		{5255C696-0F02-4385-92C7-9FC403DA6B7C} = {BA4C44CC-65BC-4CE0-9B44-68BA231FAC73}
		{7D01BAF4-6EE9-4DD3-88AD-EA0BD8A4ABCD} = {EE52A667-F9CA-498B-ADDE-A8817CE43CA5}
	EndGlobalSection
	GlobalSection(ExtensibilityGlobals) = postSolution
		SolutionGuid = {4050E145-6791-440A-A2E5-75B05ACD4AFE}
	EndGlobalSection
EndGlobal
